// !$*UTF8*$!
{
	archiveVersion = 1;
	classes = {
	};
	objectVersion = 50;
	objects = {

/* Begin PBXBuildFile section */
		5567AC8423B9D52700382C6B /* AppDelegate.swift in Sources */ = {isa = PBXBuildFile; fileRef = 5567AC8323B9D52700382C6B /* AppDelegate.swift */; };
		5567AC8623B9D52700382C6B /* SceneDelegate.swift in Sources */ = {isa = PBXBuildFile; fileRef = 5567AC8523B9D52700382C6B /* SceneDelegate.swift */; };
		5567AC8823B9D52700382C6B /* ContentView.swift in Sources */ = {isa = PBXBuildFile; fileRef = 5567AC8723B9D52700382C6B /* ContentView.swift */; };
		5567AC8A23B9D52800382C6B /* Assets.xcassets in Resources */ = {isa = PBXBuildFile; fileRef = 5567AC8923B9D52800382C6B /* Assets.xcassets */; };
		5567AC8D23B9D52800382C6B /* Preview Assets.xcassets in Resources */ = {isa = PBXBuildFile; fileRef = 5567AC8C23B9D52800382C6B /* Preview Assets.xcassets */; };
		5567AC9023B9D52800382C6B /* LaunchScreen.storyboard in Resources */ = {isa = PBXBuildFile; fileRef = 5567AC8E23B9D52800382C6B /* LaunchScreen.storyboard */; };
		5567AC9B23B9D52900382C6B /* iosTests.swift in Sources */ = {isa = PBXBuildFile; fileRef = 5567AC9A23B9D52900382C6B /* iosTests.swift */; };
		5567ACA623B9D52900382C6B /* iosUITests.swift in Sources */ = {isa = PBXBuildFile; fileRef = 5567ACA523B9D52900382C6B /* iosUITests.swift */; };
/* End PBXBuildFile section */

/* Begin PBXContainerItemProxy section */
		5567AC9723B9D52900382C6B /* PBXContainerItemProxy */ = {
			isa = PBXContainerItemProxy;
			containerPortal = 5567AC7823B9D52700382C6B /* Project object */;
			proxyType = 1;
			remoteGlobalIDString = 5567AC7F23B9D52700382C6B;
			remoteInfo = ios;
		};
		5567ACA223B9D52900382C6B /* PBXContainerItemProxy */ = {
			isa = PBXContainerItemProxy;
			containerPortal = 5567AC7823B9D52700382C6B /* Project object */;
			proxyType = 1;
			remoteGlobalIDString = 5567AC7F23B9D52700382C6B;
			remoteInfo = ios;
		};
/* End PBXContainerItemProxy section */

/* Begin PBXFileReference section */
		5567AC8023B9D52700382C6B /* ios.app */ = {isa = PBXFileReference; explicitFileType = wrapper.application; includeInIndex = 0; path = ios.app; sourceTree = BUILT_PRODUCTS_DIR; };
		5567AC8323B9D52700382C6B /* AppDelegate.swift */ = {isa = PBXFileReference; lastKnownFileType = sourcecode.swift; path = AppDelegate.swift; sourceTree = "<group>"; };
		5567AC8523B9D52700382C6B /* SceneDelegate.swift */ = {isa = PBXFileReference; lastKnownFileType = sourcecode.swift; path = SceneDelegate.swift; sourceTree = "<group>"; };
		5567AC8723B9D52700382C6B /* ContentView.swift */ = {isa = PBXFileReference; lastKnownFileType = sourcecode.swift; path = ContentView.swift; sourceTree = "<group>"; };
		5567AC8923B9D52800382C6B /* Assets.xcassets */ = {isa = PBXFileReference; lastKnownFileType = folder.assetcatalog; path = Assets.xcassets; sourceTree = "<group>"; };
		5567AC8C23B9D52800382C6B /* Preview Assets.xcassets */ = {isa = PBXFileReference; lastKnownFileType = folder.assetcatalog; path = "Preview Assets.xcassets"; sourceTree = "<group>"; };
		5567AC8F23B9D52800382C6B /* Base */ = {isa = PBXFileReference; lastKnownFileType = file.storyboard; name = Base; path = Base.lproj/LaunchScreen.storyboard; sourceTree = "<group>"; };
		5567AC9123B9D52800382C6B /* Info.plist */ = {isa = PBXFileReference; lastKnownFileType = text.plist.xml; path = Info.plist; sourceTree = "<group>"; };
		5567AC9623B9D52900382C6B /* iosTests.xctest */ = {isa = PBXFileReference; explicitFileType = wrapper.cfbundle; includeInIndex = 0; path = iosTests.xctest; sourceTree = BUILT_PRODUCTS_DIR; };
		5567AC9A23B9D52900382C6B /* iosTests.swift */ = {isa = PBXFileReference; lastKnownFileType = sourcecode.swift; path = iosTests.swift; sourceTree = "<group>"; };
		5567AC9C23B9D52900382C6B /* Info.plist */ = {isa = PBXFileReference; lastKnownFileType = text.plist.xml; path = Info.plist; sourceTree = "<group>"; };
		5567ACA123B9D52900382C6B /* iosUITests.xctest */ = {isa = PBXFileReference; explicitFileType = wrapper.cfbundle; includeInIndex = 0; path = iosUITests.xctest; sourceTree = BUILT_PRODUCTS_DIR; };
		5567ACA523B9D52900382C6B /* iosUITests.swift */ = {isa = PBXFileReference; lastKnownFileType = sourcecode.swift; path = iosUITests.swift; sourceTree = "<group>"; };
		5567ACA723B9D52900382C6B /* Info.plist */ = {isa = PBXFileReference; lastKnownFileType = text.plist.xml; path = Info.plist; sourceTree = "<group>"; };
/* End PBXFileReference section */

/* Begin PBXFrameworksBuildPhase section */
		5567AC7D23B9D52700382C6B /* Frameworks */ = {
			isa = PBXFrameworksBuildPhase;
			buildActionMask = 2147483647;
			files = (
			);
			runOnlyForDeploymentPostprocessing = 0;
		};
		5567AC9323B9D52900382C6B /* Frameworks */ = {
			isa = PBXFrameworksBuildPhase;
			buildActionMask = 2147483647;
			files = (
			);
			runOnlyForDeploymentPostprocessing = 0;
		};
		5567AC9E23B9D52900382C6B /* Frameworks */ = {
			isa = PBXFrameworksBuildPhase;
			buildActionMask = 2147483647;
			files = (
			);
			runOnlyForDeploymentPostprocessing = 0;
		};
/* End PBXFrameworksBuildPhase section */

/* Begin PBXGroup section */
		5567AC7723B9D52700382C6B = {
			isa = PBXGroup;
			children = (
				5567AC8223B9D52700382C6B /* ios */,
				5567AC9923B9D52900382C6B /* iosTests */,
				5567ACA423B9D52900382C6B /* iosUITests */,
				5567AC8123B9D52700382C6B /* Products */,
			);
			sourceTree = "<group>";
		};
		5567AC8123B9D52700382C6B /* Products */ = {
			isa = PBXGroup;
			children = (
				5567AC8023B9D52700382C6B /* ios.app */,
				5567AC9623B9D52900382C6B /* iosTests.xctest */,
				5567ACA123B9D52900382C6B /* iosUITests.xctest */,
			);
			name = Products;
			sourceTree = "<group>";
		};
		5567AC8223B9D52700382C6B /* ios */ = {
			isa = PBXGroup;
			children = (
				5567AC8323B9D52700382C6B /* AppDelegate.swift */,
				5567AC8523B9D52700382C6B /* SceneDelegate.swift */,
				5567AC8723B9D52700382C6B /* ContentView.swift */,
				5567AC8923B9D52800382C6B /* Assets.xcassets */,
				5567AC8E23B9D52800382C6B /* LaunchScreen.storyboard */,
				5567AC9123B9D52800382C6B /* Info.plist */,
				5567AC8B23B9D52800382C6B /* Preview Content */,
			);
			path = ios;
			sourceTree = "<group>";
		};
		5567AC8B23B9D52800382C6B /* Preview Content */ = {
			isa = PBXGroup;
			children = (
				5567AC8C23B9D52800382C6B /* Preview Assets.xcassets */,
			);
			path = "Preview Content";
			sourceTree = "<group>";
		};
		5567AC9923B9D52900382C6B /* iosTests */ = {
			isa = PBXGroup;
			children = (
				5567AC9A23B9D52900382C6B /* iosTests.swift */,
				5567AC9C23B9D52900382C6B /* Info.plist */,
			);
			path = iosTests;
			sourceTree = "<group>";
		};
		5567ACA423B9D52900382C6B /* iosUITests */ = {
			isa = PBXGroup;
			children = (
				5567ACA523B9D52900382C6B /* iosUITests.swift */,
				5567ACA723B9D52900382C6B /* Info.plist */,
			);
			path = iosUITests;
			sourceTree = "<group>";
		};
/* End PBXGroup section */

/* Begin PBXNativeTarget section */
		5567AC7F23B9D52700382C6B /* ios */ = {
			isa = PBXNativeTarget;
			buildConfigurationList = 5567ACAA23B9D52900382C6B /* Build configuration list for PBXNativeTarget "ios" */;
			buildPhases = (
				5567AC7C23B9D52700382C6B /* Sources */,
				5567AC7D23B9D52700382C6B /* Frameworks */,
				5567AC7E23B9D52700382C6B /* Resources */,
			);
			buildRules = (
			);
			dependencies = (
			);
			name = ios;
			productName = ios;
			productReference = 5567AC8023B9D52700382C6B /* ios.app */;
			productType = "com.apple.product-type.application";
		};
		5567AC9523B9D52900382C6B /* iosTests */ = {
			isa = PBXNativeTarget;
			buildConfigurationList = 5567ACAD23B9D52900382C6B /* Build configuration list for PBXNativeTarget "iosTests" */;
			buildPhases = (
				5567AC9223B9D52900382C6B /* Sources */,
				5567AC9323B9D52900382C6B /* Frameworks */,
				5567AC9423B9D52900382C6B /* Resources */,
			);
			buildRules = (
			);
			dependencies = (
				5567AC9823B9D52900382C6B /* PBXTargetDependency */,
			);
			name = iosTests;
			productName = iosTests;
			productReference = 5567AC9623B9D52900382C6B /* iosTests.xctest */;
			productType = "com.apple.product-type.bundle.unit-test";
		};
		5567ACA023B9D52900382C6B /* iosUITests */ = {
			isa = PBXNativeTarget;
			buildConfigurationList = 5567ACB023B9D52900382C6B /* Build configuration list for PBXNativeTarget "iosUITests" */;
			buildPhases = (
				5567AC9D23B9D52900382C6B /* Sources */,
				5567AC9E23B9D52900382C6B /* Frameworks */,
				5567AC9F23B9D52900382C6B /* Resources */,
			);
			buildRules = (
			);
			dependencies = (
				5567ACA323B9D52900382C6B /* PBXTargetDependency */,
			);
			name = iosUITests;
			productName = iosUITests;
			productReference = 5567ACA123B9D52900382C6B /* iosUITests.xctest */;
			productType = "com.apple.product-type.bundle.ui-testing";
		};
/* End PBXNativeTarget section */

/* Begin PBXProject section */
		5567AC7823B9D52700382C6B /* Project object */ = {
			isa = PBXProject;
			attributes = {
				LastSwiftUpdateCheck = 1130;
				LastUpgradeCheck = 1130;
				ORGANIZATIONNAME = stanfit;
				TargetAttributes = {
					5567AC7F23B9D52700382C6B = {
						CreatedOnToolsVersion = 11.3;
					};
					5567AC9523B9D52900382C6B = {
						CreatedOnToolsVersion = 11.3;
						TestTargetID = 5567AC7F23B9D52700382C6B;
					};
					5567ACA023B9D52900382C6B = {
						CreatedOnToolsVersion = 11.3;
						TestTargetID = 5567AC7F23B9D52700382C6B;
					};
				};
			};
			buildConfigurationList = 5567AC7B23B9D52700382C6B /* Build configuration list for PBXProject "ios" */;
			compatibilityVersion = "Xcode 9.3";
			developmentRegion = en;
			hasScannedForEncodings = 0;
			knownRegions = (
				en,
				Base,
			);
			mainGroup = 5567AC7723B9D52700382C6B;
			productRefGroup = 5567AC8123B9D52700382C6B /* Products */;
			projectDirPath = "";
			projectRoot = "";
			targets = (
				5567AC7F23B9D52700382C6B /* ios */,
				5567AC9523B9D52900382C6B /* iosTests */,
				5567ACA023B9D52900382C6B /* iosUITests */,
			);
		};
/* End PBXProject section */

/* Begin PBXResourcesBuildPhase section */
		5567AC7E23B9D52700382C6B /* Resources */ = {
			isa = PBXResourcesBuildPhase;
			buildActionMask = 2147483647;
			files = (
				5567AC9023B9D52800382C6B /* LaunchScreen.storyboard in Resources */,
				5567AC8D23B9D52800382C6B /* Preview Assets.xcassets in Resources */,
				5567AC8A23B9D52800382C6B /* Assets.xcassets in Resources */,
			);
			runOnlyForDeploymentPostprocessing = 0;
		};
		5567AC9423B9D52900382C6B /* Resources */ = {
			isa = PBXResourcesBuildPhase;
			buildActionMask = 2147483647;
			files = (
			);
			runOnlyForDeploymentPostprocessing = 0;
		};
		5567AC9F23B9D52900382C6B /* Resources */ = {
			isa = PBXResourcesBuildPhase;
			buildActionMask = 2147483647;
			files = (
			);
			runOnlyForDeploymentPostprocessing = 0;
		};
/* End PBXResourcesBuildPhase section */

/* Begin PBXSourcesBuildPhase section */
		5567AC7C23B9D52700382C6B /* Sources */ = {
			isa = PBXSourcesBuildPhase;
			buildActionMask = 2147483647;
			files = (
				5567AC8423B9D52700382C6B /* AppDelegate.swift in Sources */,
				5567AC8623B9D52700382C6B /* SceneDelegate.swift in Sources */,
				5567AC8823B9D52700382C6B /* ContentView.swift in Sources */,
			);
			runOnlyForDeploymentPostprocessing = 0;
		};
		5567AC9223B9D52900382C6B /* Sources */ = {
			isa = PBXSourcesBuildPhase;
			buildActionMask = 2147483647;
			files = (
				5567AC9B23B9D52900382C6B /* iosTests.swift in Sources */,
			);
			runOnlyForDeploymentPostprocessing = 0;
		};
		5567AC9D23B9D52900382C6B /* Sources */ = {
			isa = PBXSourcesBuildPhase;
			buildActionMask = 2147483647;
			files = (
				5567ACA623B9D52900382C6B /* iosUITests.swift in Sources */,
			);
			runOnlyForDeploymentPostprocessing = 0;
		};
/* End PBXSourcesBuildPhase section */

/* Begin PBXTargetDependency section */
		5567AC9823B9D52900382C6B /* PBXTargetDependency */ = {
			isa = PBXTargetDependency;
			target = 5567AC7F23B9D52700382C6B /* ios */;
			targetProxy = 5567AC9723B9D52900382C6B /* PBXContainerItemProxy */;
		};
		5567ACA323B9D52900382C6B /* PBXTargetDependency */ = {
			isa = PBXTargetDependency;
			target = 5567AC7F23B9D52700382C6B /* ios */;
			targetProxy = 5567ACA223B9D52900382C6B /* PBXContainerItemProxy */;
		};
/* End PBXTargetDependency section */

/* Begin PBXVariantGroup section */
		5567AC8E23B9D52800382C6B /* LaunchScreen.storyboard */ = {
			isa = PBXVariantGroup;
			children = (
				5567AC8F23B9D52800382C6B /* Base */,
			);
			name = LaunchScreen.storyboard;
			sourceTree = "<group>";
		};
/* End PBXVariantGroup section */

/* Begin XCBuildConfiguration section */
		5567ACA823B9D52900382C6B /* Debug */ = {
			isa = XCBuildConfiguration;
			buildSettings = {
				ALWAYS_SEARCH_USER_PATHS = NO;
				CLANG_ANALYZER_NONNULL = YES;
				CLANG_ANALYZER_NUMBER_OBJECT_CONVERSION = YES_AGGRESSIVE;
				CLANG_CXX_LANGUAGE_STANDARD = "gnu++14";
				CLANG_CXX_LIBRARY = "libc++";
				CLANG_ENABLE_MODULES = YES;
				CLANG_ENABLE_OBJC_ARC = YES;
				CLANG_ENABLE_OBJC_WEAK = YES;
				CLANG_WARN_BLOCK_CAPTURE_AUTORELEASING = YES;
				CLANG_WARN_BOOL_CONVERSION = YES;
				CLANG_WARN_COMMA = YES;
				CLANG_WARN_CONSTANT_CONVERSION = YES;
				CLANG_WARN_DEPRECATED_OBJC_IMPLEMENTATIONS = YES;
				CLANG_WARN_DIRECT_OBJC_ISA_USAGE = YES_ERROR;
				CLANG_WARN_DOCUMENTATION_COMMENTS = YES;
				CLANG_WARN_EMPTY_BODY = YES;
				CLANG_WARN_ENUM_CONVERSION = YES;
				CLANG_WARN_INFINITE_RECURSION = YES;
				CLANG_WARN_INT_CONVERSION = YES;
				CLANG_WARN_NON_LITERAL_NULL_CONVERSION = YES;
				CLANG_WARN_OBJC_IMPLICIT_RETAIN_SELF = YES;
				CLANG_WARN_OBJC_LITERAL_CONVERSION = YES;
				CLANG_WARN_OBJC_ROOT_CLASS = YES_ERROR;
				CLANG_WARN_RANGE_LOOP_ANALYSIS = YES;
				CLANG_WARN_STRICT_PROTOTYPES = YES;
				CLANG_WARN_SUSPICIOUS_MOVE = YES;
				CLANG_WARN_UNGUARDED_AVAILABILITY = YES_AGGRESSIVE;
				CLANG_WARN_UNREACHABLE_CODE = YES;
				CLANG_WARN__DUPLICATE_METHOD_MATCH = YES;
				COPY_PHASE_STRIP = NO;
				DEBUG_INFORMATION_FORMAT = dwarf;
				ENABLE_STRICT_OBJC_MSGSEND = YES;
				ENABLE_TESTABILITY = YES;
				GCC_C_LANGUAGE_STANDARD = gnu11;
				GCC_DYNAMIC_NO_PIC = NO;
				GCC_NO_COMMON_BLOCKS = YES;
				GCC_OPTIMIZATION_LEVEL = 0;
				GCC_PREPROCESSOR_DEFINITIONS = (
					"DEBUG=1",
					"$(inherited)",
				);
				GCC_WARN_64_TO_32_BIT_CONVERSION = YES;
				GCC_WARN_ABOUT_RETURN_TYPE = YES_ERROR;
				GCC_WARN_UNDECLARED_SELECTOR = YES;
				GCC_WARN_UNINITIALIZED_AUTOS = YES_AGGRESSIVE;
				GCC_WARN_UNUSED_FUNCTION = YES;
				GCC_WARN_UNUSED_VARIABLE = YES;
				IPHONEOS_DEPLOYMENT_TARGET = 13.2;
				MTL_ENABLE_DEBUG_INFO = INCLUDE_SOURCE;
				MTL_FAST_MATH = YES;
				ONLY_ACTIVE_ARCH = YES;
				SDKROOT = iphoneos;
				SWIFT_ACTIVE_COMPILATION_CONDITIONS = DEBUG;
				SWIFT_OPTIMIZATION_LEVEL = "-Onone";
			};
			name = Debug;
		};
		5567ACA923B9D52900382C6B /* Release */ = {
			isa = XCBuildConfiguration;
			buildSettings = {
				ALWAYS_SEARCH_USER_PATHS = NO;
				CLANG_ANALYZER_NONNULL = YES;
				CLANG_ANALYZER_NUMBER_OBJECT_CONVERSION = YES_AGGRESSIVE;
				CLANG_CXX_LANGUAGE_STANDARD = "gnu++14";
				CLANG_CXX_LIBRARY = "libc++";
				CLANG_ENABLE_MODULES = YES;
				CLANG_ENABLE_OBJC_ARC = YES;
				CLANG_ENABLE_OBJC_WEAK = YES;
				CLANG_WARN_BLOCK_CAPTURE_AUTORELEASING = YES;
				CLANG_WARN_BOOL_CONVERSION = YES;
				CLANG_WARN_COMMA = YES;
				CLANG_WARN_CONSTANT_CONVERSION = YES;
				CLANG_WARN_DEPRECATED_OBJC_IMPLEMENTATIONS = YES;
				CLANG_WARN_DIRECT_OBJC_ISA_USAGE = YES_ERROR;
				CLANG_WARN_DOCUMENTATION_COMMENTS = YES;
				CLANG_WARN_EMPTY_BODY = YES;
				CLANG_WARN_ENUM_CONVERSION = YES;
				CLANG_WARN_INFINITE_RECURSION = YES;
				CLANG_WARN_INT_CONVERSION = YES;
				CLANG_WARN_NON_LITERAL_NULL_CONVERSION = YES;
				CLANG_WARN_OBJC_IMPLICIT_RETAIN_SELF = YES;
				CLANG_WARN_OBJC_LITERAL_CONVERSION = YES;
				CLANG_WARN_OBJC_ROOT_CLASS = YES_ERROR;
				CLANG_WARN_RANGE_LOOP_ANALYSIS = YES;
				CLANG_WARN_STRICT_PROTOTYPES = YES;
				CLANG_WARN_SUSPICIOUS_MOVE = YES;
				CLANG_WARN_UNGUARDED_AVAILABILITY = YES_AGGRESSIVE;
				CLANG_WARN_UNREACHABLE_CODE = YES;
				CLANG_WARN__DUPLICATE_METHOD_MATCH = YES;
				COPY_PHASE_STRIP = NO;
				DEBUG_INFORMATION_FORMAT = "dwarf-with-dsym";
				ENABLE_NS_ASSERTIONS = NO;
				ENABLE_STRICT_OBJC_MSGSEND = YES;
				GCC_C_LANGUAGE_STANDARD = gnu11;
				GCC_NO_COMMON_BLOCKS = YES;
				GCC_WARN_64_TO_32_BIT_CONVERSION = YES;
				GCC_WARN_ABOUT_RETURN_TYPE = YES_ERROR;
				GCC_WARN_UNDECLARED_SELECTOR = YES;
				GCC_WARN_UNINITIALIZED_AUTOS = YES_AGGRESSIVE;
				GCC_WARN_UNUSED_FUNCTION = YES;
				GCC_WARN_UNUSED_VARIABLE = YES;
				IPHONEOS_DEPLOYMENT_TARGET = 13.2;
				MTL_ENABLE_DEBUG_INFO = NO;
				MTL_FAST_MATH = YES;
				SDKROOT = iphoneos;
				SWIFT_COMPILATION_MODE = wholemodule;
				SWIFT_OPTIMIZATION_LEVEL = "-O";
				VALIDATE_PRODUCT = YES;
			};
			name = Release;
		};
		5567ACAB23B9D52900382C6B /* Debug */ = {
			isa = XCBuildConfiguration;
			buildSettings = {
				ASSETCATALOG_COMPILER_APPICON_NAME = AppIcon;
				CODE_SIGN_STYLE = Automatic;
				DEVELOPMENT_ASSET_PATHS = "\"ios/Preview Content\"";
				ENABLE_PREVIEWS = YES;
				INFOPLIST_FILE = ios/Info.plist;
				LD_RUNPATH_SEARCH_PATHS = (
					"$(inherited)",
					"@executable_path/Frameworks",
				);
				PRODUCT_BUNDLE_IDENTIFIER = com.stanfit.ios;
				PRODUCT_NAME = "$(TARGET_NAME)";
				SWIFT_VERSION = 5.0;
				TARGETED_DEVICE_FAMILY = "1,2";
			};
			name = Debug;
		};
		5567ACAC23B9D52900382C6B /* Release */ = {
			isa = XCBuildConfiguration;
			buildSettings = {
				ASSETCATALOG_COMPILER_APPICON_NAME = AppIcon;
				CODE_SIGN_STYLE = Automatic;
				DEVELOPMENT_ASSET_PATHS = "\"ios/Preview Content\"";
				ENABLE_PREVIEWS = YES;
				INFOPLIST_FILE = ios/Info.plist;
				LD_RUNPATH_SEARCH_PATHS = (
					"$(inherited)",
					"@executable_path/Frameworks",
				);
				PRODUCT_BUNDLE_IDENTIFIER = com.stanfit.ios;
				PRODUCT_NAME = "$(TARGET_NAME)";
				SWIFT_VERSION = 5.0;
				TARGETED_DEVICE_FAMILY = "1,2";
			};
			name = Release;
		};
		5567ACAE23B9D52900382C6B /* Debug */ = {
			isa = XCBuildConfiguration;
			buildSettings = {
				ALWAYS_EMBED_SWIFT_STANDARD_LIBRARIES = YES;
				BUNDLE_LOADER = "$(TEST_HOST)";
				CODE_SIGN_STYLE = Automatic;
				INFOPLIST_FILE = iosTests/Info.plist;
				IPHONEOS_DEPLOYMENT_TARGET = 13.2;
				LD_RUNPATH_SEARCH_PATHS = (
					"$(inherited)",
					"@executable_path/Frameworks",
					"@loader_path/Frameworks",
				);
				PRODUCT_BUNDLE_IDENTIFIER = com.stanfit.iosTests;
				PRODUCT_NAME = "$(TARGET_NAME)";
				SWIFT_VERSION = 5.0;
				TARGETED_DEVICE_FAMILY = "1,2";
				TEST_HOST = "$(BUILT_PRODUCTS_DIR)/ios.app/ios";
			};
			name = Debug;
		};
		5567ACAF23B9D52900382C6B /* Release */ = {
			isa = XCBuildConfiguration;
			buildSettings = {
				ALWAYS_EMBED_SWIFT_STANDARD_LIBRARIES = YES;
				BUNDLE_LOADER = "$(TEST_HOST)";
				CODE_SIGN_STYLE = Automatic;
				INFOPLIST_FILE = iosTests/Info.plist;
				IPHONEOS_DEPLOYMENT_TARGET = 13.2;
				LD_RUNPATH_SEARCH_PATHS = (
					"$(inherited)",
					"@executable_path/Frameworks",
					"@loader_path/Frameworks",
				);
				PRODUCT_BUNDLE_IDENTIFIER = com.stanfit.iosTests;
				PRODUCT_NAME = "$(TARGET_NAME)";
				SWIFT_VERSION = 5.0;
				TARGETED_DEVICE_FAMILY = "1,2";
				TEST_HOST = "$(BUILT_PRODUCTS_DIR)/ios.app/ios";
			};
			name = Release;
		};
		5567ACB123B9D52900382C6B /* Debug */ = {
			isa = XCBuildConfiguration;
			buildSettings = {
				ALWAYS_EMBED_SWIFT_STANDARD_LIBRARIES = YES;
				CODE_SIGN_STYLE = Automatic;
				INFOPLIST_FILE = iosUITests/Info.plist;
				LD_RUNPATH_SEARCH_PATHS = (
					"$(inherited)",
					"@executable_path/Frameworks",
					"@loader_path/Frameworks",
				);
				PRODUCT_BUNDLE_IDENTIFIER = com.stanfit.iosUITests;
				PRODUCT_NAME = "$(TARGET_NAME)";
				SWIFT_VERSION = 5.0;
				TARGETED_DEVICE_FAMILY = "1,2";
				TEST_TARGET_NAME = ios;
			};
			name = Debug;
		};
		5567ACB223B9D52900382C6B /* Release */ = {
			isa = XCBuildConfiguration;
			buildSettings = {
				ALWAYS_EMBED_SWIFT_STANDARD_LIBRARIES = YES;
				CODE_SIGN_STYLE = Automatic;
				INFOPLIST_FILE = iosUITests/Info.plist;
				LD_RUNPATH_SEARCH_PATHS = (
					"$(inherited)",
					"@executable_path/Frameworks",
					"@loader_path/Frameworks",
				);
				PRODUCT_BUNDLE_IDENTIFIER = com.stanfit.iosUITests;
				PRODUCT_NAME = "$(TARGET_NAME)";
				SWIFT_VERSION = 5.0;
				TARGETED_DEVICE_FAMILY = "1,2";
				TEST_TARGET_NAME = ios;
			};
			name = Release;
		};
/* End XCBuildConfiguration section */

/* Begin XCConfigurationList section */
		5567AC7B23B9D52700382C6B /* Build configuration list for PBXProject "ios" */ = {
			isa = XCConfigurationList;
			buildConfigurations = (
				5567ACA823B9D52900382C6B /* Debug */,
				5567ACA923B9D52900382C6B /* Release */,
			);
			defaultConfigurationIsVisible = 0;
			defaultConfigurationName = Release;
		};
		5567ACAA23B9D52900382C6B /* Build configuration list for PBXNativeTarget "ios" */ = {
			isa = XCConfigurationList;
			buildConfigurations = (
				5567ACAB23B9D52900382C6B /* Debug */,
				5567ACAC23B9D52900382C6B /* Release */,
			);
			defaultConfigurationIsVisible = 0;
			defaultConfigurationName = Release;
		};
		5567ACAD23B9D52900382C6B /* Build configuration list for PBXNativeTarget "iosTests" */ = {
			isa = XCConfigurationList;
			buildConfigurations = (
				5567ACAE23B9D52900382C6B /* Debug */,
				5567ACAF23B9D52900382C6B /* Release */,
			);
			defaultConfigurationIsVisible = 0;
			defaultConfigurationName = Release;
		};
		5567ACB023B9D52900382C6B /* Build configuration list for PBXNativeTarget "iosUITests" */ = {
			isa = XCConfigurationList;
			buildConfigurations = (
				5567ACB123B9D52900382C6B /* Debug */,
				5567ACB223B9D52900382C6B /* Release */,
			);
			defaultConfigurationIsVisible = 0;
			defaultConfigurationName = Release;
		};
/* End XCConfigurationList section */
	};
	rootObject = 5567AC7823B9D52700382C6B /* Project object */;
}
